
Microsoft Visual Studio Solution File, Format Version 12.00
# Visual Studio Version 17
VisualStudioVersion = 17.9.34622.214
MinimumVisualStudioVersion = 10.0.40219.1
Project("{9A19103F-16F7-4668-BE54-9A1E7A4F7556}") = "CMS", "CMS\CMS.csproj", "{4E217B15-F6C2-4905-8EC9-E771F070E4BA}"
EndProject
Project("{FAE04EC0-301F-11D3-BF4B-00C04F79EFBC}") = "CMS.DataAccess", "CMS.DataAccess\CMS.DataAccess.csproj", "{82981B45-776E-4094-9866-077E076B6984}"
EndProject
Project("{FAE04EC0-301F-11D3-BF4B-00C04F79EFBC}") = "CMS.Models", "CMS.Models\CMS.Models.csproj", "{75588F6C-2EA5-41B1-90DB-8E3D82275665}"
EndProject
Project("{FAE04EC0-301F-11D3-BF4B-00C04F79EFBC}") = "CMS.Utility", "CMS.Utility\CMS.Utility.csproj", "{434A7D26-0FE2-4560-AD16-FE7BD4F78A36}"
EndProject
Global
	GlobalSection(SolutionConfigurationPlatforms) = preSolution
		Debug|Any CPU = Debug|Any CPU
		Release|Any CPU = Release|Any CPU
	EndGlobalSection
	GlobalSection(ProjectConfigurationPlatforms) = postSolution
		{4E217B15-F6C2-4905-8EC9-E771F070E4BA}.Debug|Any CPU.ActiveCfg = Debug|Any CPU
		{4E217B15-F6C2-4905-8EC9-E771F070E4BA}.Debug|Any CPU.Build.0 = Debug|Any CPU
		{4E217B15-F6C2-4905-8EC9-E771F070E4BA}.Release|Any CPU.ActiveCfg = Release|Any CPU
		{4E217B15-F6C2-4905-8EC9-E771F070E4BA}.Release|Any CPU.Build.0 = Release|Any CPU
		{82981B45-776E-4094-9866-077E076B6984}.Debug|Any CPU.ActiveCfg = Debug|Any CPU
		{82981B45-776E-4094-9866-077E076B6984}.Debug|Any CPU.Build.0 = Debug|Any CPU
		{82981B45-776E-4094-9866-077E076B6984}.Release|Any CPU.ActiveCfg = Release|Any CPU
		{82981B45-776E-4094-9866-077E076B6984}.Release|Any CPU.Build.0 = Release|Any CPU
		{75588F6C-2EA5-41B1-90DB-8E3D82275665}.Debug|Any CPU.ActiveCfg = Debug|Any CPU
		{75588F6C-2EA5-41B1-90DB-8E3D82275665}.Debug|Any CPU.Build.0 = Debug|Any CPU
		{75588F6C-2EA5-41B1-90DB-8E3D82275665}.Release|Any CPU.ActiveCfg = Release|Any CPU
		{75588F6C-2EA5-41B1-90DB-8E3D82275665}.Release|Any CPU.Build.0 = Release|Any CPU
		{434A7D26-0FE2-4560-AD16-FE7BD4F78A36}.Debug|Any CPU.ActiveCfg = Debug|Any CPU
		{434A7D26-0FE2-4560-AD16-FE7BD4F78A36}.Debug|Any CPU.Build.0 = Debug|Any CPU
		{434A7D26-0FE2-4560-AD16-FE7BD4F78A36}.Release|Any CPU.ActiveCfg = Release|Any CPU
		{434A7D26-0FE2-4560-AD16-FE7BD4F78A36}.Release|Any CPU.Build.0 = Release|Any CPU
	EndGlobalSection
	GlobalSection(SolutionProperties) = preSolution
		HideSolutionNode = FALSE
	EndGlobalSection
	GlobalSection(ExtensibilityGlobals) = postSolution
		SolutionGuid = {05BCB032-4F96-4414-9F5F-F2BDCD0CAF2D}
	EndGlobalSection
EndGlobal
